
Microsoft Visual Studio Solution File, Format Version 12.00
# Visual Studio Version 17
VisualStudioVersion = 17.3.32819.101
MinimumVisualStudioVersion = 10.0.40219.1
Project("{9A19103F-16F7-4668-BE54-9A1E7A4F7556}") = "Events.API", "Events.API\Events.API.csproj", "{E57B1C4B-6576-4F45-82E0-B5FA25B73E4A}"
EndProject
Project("{2150E333-8FDC-42A3-9474-1A3956D46DE8}") = "src", "src", "{60585E8A-AF78-4A65-87DB-AC6C7C0AFD3E}"
EndProject
Project("{2150E333-8FDC-42A3-9474-1A3956D46DE8}") = "Core", "Core", "{1F98D450-08D8-4720-AABC-EC74875E5FB9}"
EndProject
Project("{2150E333-8FDC-42A3-9474-1A3956D46DE8}") = "Infrastructure", "Infrastructure", "{DE4B1C48-2DDC-4E7A-B4B4-FEDC9742BDF7}"
EndProject
Project("{2150E333-8FDC-42A3-9474-1A3956D46DE8}") = "Presentation", "Presentation", "{B411472D-27CD-4599-BD1A-7D4010687A70}"
EndProject
Project("{9A19103F-16F7-4668-BE54-9A1E7A4F7556}") = "Events.Application", "Events.Application\Events.Application.csproj", "{CD3E4979-0088-4BFD-9C4C-D2A98361F467}"
EndProject
Project("{9A19103F-16F7-4668-BE54-9A1E7A4F7556}") = "Events.Domain", "Events.Domain\Events.Domain.csproj", "{7322B82A-2AB7-45D4-92B4-068011B5A686}"
EndProject
Project("{9A19103F-16F7-4668-BE54-9A1E7A4F7556}") = "Events.Infrastructure", "EventsDemo.Infrastructure\Events.Infrastructure.csproj", "{51EBE65C-DA44-4808-A0E4-15E222E124A4}"
EndProject
Project("{9A19103F-16F7-4668-BE54-9A1E7A4F7556}") = "Events.Persistance", "Events.Persistance\Events.Persistance.csproj", "{333358E5-EF2E-4AEB-B81C-A8D4A5276C93}"
EndProject
Project("{9A19103F-16F7-4668-BE54-9A1E7A4F7556}") = "UserPanel.Web", "UserPanel.Web\UserPanel.Web.csproj", "{8BA45702-B85B-4F01-BF6B-664A38769FC9}"
EndProject
Project("{9A19103F-16F7-4668-BE54-9A1E7A4F7556}") = "AdminPanel.Web", "AdminPanel.Web\AdminPanel.Web.csproj", "{9BCBC763-F5C2-4753-BDFC-5106167AC630}"
EndProject
Project("{2150E333-8FDC-42A3-9474-1A3956D46DE8}") = "Solution Items", "Solution Items", "{6C7E3D32-3CA3-4AC0-998C-5A7894E55A61}"
	ProjectSection(SolutionItems) = preProject
		.editorconfig = .editorconfig
	EndProjectSection
EndProject
Project("{2150E333-8FDC-42A3-9474-1A3956D46DE8}") = "BackgroundWorker", "BackgroundWorker", "{3D8025BA-0085-4EB4-BC52-C59264151057}"
EndProject
Project("{9A19103F-16F7-4668-BE54-9A1E7A4F7556}") = "WorkerService", "WorkerService\WorkerService.csproj", "{37BB790E-65FF-4502-8446-BE643ACC7CA7}"
EndProject
Project("{2150E333-8FDC-42A3-9474-1A3956D46DE8}") = "Tests", "Tests", "{2AC70DE6-91A7-4BD3-8B92-5A060F4FE66E}"
EndProject
Project("{FAE04EC0-301F-11D3-BF4B-00C04F79EFBC}") = "EventsDemo.Application.Tests", "EventsDemo.Application.Tests\EventsDemo.Application.Tests.csproj", "{38BD3D0E-A3E4-41CA-8EE3-0CDA49A35389}"
EndProject
Global
	GlobalSection(SolutionConfigurationPlatforms) = preSolution
		Debug|Any CPU = Debug|Any CPU
		Release|Any CPU = Release|Any CPU
	EndGlobalSection
	GlobalSection(ProjectConfigurationPlatforms) = postSolution
		{E57B1C4B-6576-4F45-82E0-B5FA25B73E4A}.Debug|Any CPU.ActiveCfg = Debug|Any CPU
		{E57B1C4B-6576-4F45-82E0-B5FA25B73E4A}.Debug|Any CPU.Build.0 = Debug|Any CPU
		{E57B1C4B-6576-4F45-82E0-B5FA25B73E4A}.Release|Any CPU.ActiveCfg = Release|Any CPU
		{E57B1C4B-6576-4F45-82E0-B5FA25B73E4A}.Release|Any CPU.Build.0 = Release|Any CPU
		{CD3E4979-0088-4BFD-9C4C-D2A98361F467}.Debug|Any CPU.ActiveCfg = Debug|Any CPU
		{CD3E4979-0088-4BFD-9C4C-D2A98361F467}.Debug|Any CPU.Build.0 = Debug|Any CPU
		{CD3E4979-0088-4BFD-9C4C-D2A98361F467}.Release|Any CPU.ActiveCfg = Release|Any CPU
		{CD3E4979-0088-4BFD-9C4C-D2A98361F467}.Release|Any CPU.Build.0 = Release|Any CPU
		{7322B82A-2AB7-45D4-92B4-068011B5A686}.Debug|Any CPU.ActiveCfg = Debug|Any CPU
		{7322B82A-2AB7-45D4-92B4-068011B5A686}.Debug|Any CPU.Build.0 = Debug|Any CPU
		{7322B82A-2AB7-45D4-92B4-068011B5A686}.Release|Any CPU.ActiveCfg = Release|Any CPU
		{7322B82A-2AB7-45D4-92B4-068011B5A686}.Release|Any CPU.Build.0 = Release|Any CPU
		{51EBE65C-DA44-4808-A0E4-15E222E124A4}.Debug|Any CPU.ActiveCfg = Debug|Any CPU
		{51EBE65C-DA44-4808-A0E4-15E222E124A4}.Debug|Any CPU.Build.0 = Debug|Any CPU
		{51EBE65C-DA44-4808-A0E4-15E222E124A4}.Release|Any CPU.ActiveCfg = Release|Any CPU
		{51EBE65C-DA44-4808-A0E4-15E222E124A4}.Release|Any CPU.Build.0 = Release|Any CPU
		{333358E5-EF2E-4AEB-B81C-A8D4A5276C93}.Debug|Any CPU.ActiveCfg = Debug|Any CPU
		{333358E5-EF2E-4AEB-B81C-A8D4A5276C93}.Debug|Any CPU.Build.0 = Debug|Any CPU
		{333358E5-EF2E-4AEB-B81C-A8D4A5276C93}.Release|Any CPU.ActiveCfg = Release|Any CPU
		{333358E5-EF2E-4AEB-B81C-A8D4A5276C93}.Release|Any CPU.Build.0 = Release|Any CPU
		{8BA45702-B85B-4F01-BF6B-664A38769FC9}.Debug|Any CPU.ActiveCfg = Debug|Any CPU
		{8BA45702-B85B-4F01-BF6B-664A38769FC9}.Debug|Any CPU.Build.0 = Debug|Any CPU
		{8BA45702-B85B-4F01-BF6B-664A38769FC9}.Release|Any CPU.ActiveCfg = Release|Any CPU
		{8BA45702-B85B-4F01-BF6B-664A38769FC9}.Release|Any CPU.Build.0 = Release|Any CPU
		{9BCBC763-F5C2-4753-BDFC-5106167AC630}.Debug|Any CPU.ActiveCfg = Debug|Any CPU
		{9BCBC763-F5C2-4753-BDFC-5106167AC630}.Debug|Any CPU.Build.0 = Debug|Any CPU
		{9BCBC763-F5C2-4753-BDFC-5106167AC630}.Release|Any CPU.ActiveCfg = Release|Any CPU
		{9BCBC763-F5C2-4753-BDFC-5106167AC630}.Release|Any CPU.Build.0 = Release|Any CPU
		{37BB790E-65FF-4502-8446-BE643ACC7CA7}.Debug|Any CPU.ActiveCfg = Debug|Any CPU
		{37BB790E-65FF-4502-8446-BE643ACC7CA7}.Debug|Any CPU.Build.0 = Debug|Any CPU
		{37BB790E-65FF-4502-8446-BE643ACC7CA7}.Release|Any CPU.ActiveCfg = Release|Any CPU
		{37BB790E-65FF-4502-8446-BE643ACC7CA7}.Release|Any CPU.Build.0 = Release|Any CPU
		{38BD3D0E-A3E4-41CA-8EE3-0CDA49A35389}.Debug|Any CPU.ActiveCfg = Debug|Any CPU
		{38BD3D0E-A3E4-41CA-8EE3-0CDA49A35389}.Debug|Any CPU.Build.0 = Debug|Any CPU
		{38BD3D0E-A3E4-41CA-8EE3-0CDA49A35389}.Release|Any CPU.ActiveCfg = Release|Any CPU
		{38BD3D0E-A3E4-41CA-8EE3-0CDA49A35389}.Release|Any CPU.Build.0 = Release|Any CPU
	EndGlobalSection
	GlobalSection(SolutionProperties) = preSolution
		HideSolutionNode = FALSE
	EndGlobalSection
	GlobalSection(NestedProjects) = preSolution
		{E57B1C4B-6576-4F45-82E0-B5FA25B73E4A} = {B411472D-27CD-4599-BD1A-7D4010687A70}
		{1F98D450-08D8-4720-AABC-EC74875E5FB9} = {60585E8A-AF78-4A65-87DB-AC6C7C0AFD3E}
		{DE4B1C48-2DDC-4E7A-B4B4-FEDC9742BDF7} = {60585E8A-AF78-4A65-87DB-AC6C7C0AFD3E}
		{B411472D-27CD-4599-BD1A-7D4010687A70} = {60585E8A-AF78-4A65-87DB-AC6C7C0AFD3E}
		{CD3E4979-0088-4BFD-9C4C-D2A98361F467} = {1F98D450-08D8-4720-AABC-EC74875E5FB9}
		{7322B82A-2AB7-45D4-92B4-068011B5A686} = {1F98D450-08D8-4720-AABC-EC74875E5FB9}
		{51EBE65C-DA44-4808-A0E4-15E222E124A4} = {DE4B1C48-2DDC-4E7A-B4B4-FEDC9742BDF7}
		{333358E5-EF2E-4AEB-B81C-A8D4A5276C93} = {DE4B1C48-2DDC-4E7A-B4B4-FEDC9742BDF7}
		{8BA45702-B85B-4F01-BF6B-664A38769FC9} = {B411472D-27CD-4599-BD1A-7D4010687A70}
		{9BCBC763-F5C2-4753-BDFC-5106167AC630} = {B411472D-27CD-4599-BD1A-7D4010687A70}
		{3D8025BA-0085-4EB4-BC52-C59264151057} = {60585E8A-AF78-4A65-87DB-AC6C7C0AFD3E}
		{37BB790E-65FF-4502-8446-BE643ACC7CA7} = {3D8025BA-0085-4EB4-BC52-C59264151057}
		{2AC70DE6-91A7-4BD3-8B92-5A060F4FE66E} = {60585E8A-AF78-4A65-87DB-AC6C7C0AFD3E}
		{38BD3D0E-A3E4-41CA-8EE3-0CDA49A35389} = {2AC70DE6-91A7-4BD3-8B92-5A060F4FE66E}
	EndGlobalSection
	GlobalSection(ExtensibilityGlobals) = postSolution
		SolutionGuid = {1E92FD8B-AF3A-42C9-A565-899F9ED5F163}
	EndGlobalSection
EndGlobal
